// !$*UTF8*$!
{
	archiveVersion = 1;
	classes = {
	};
	objectVersion = 46;
	objects = {

/* Begin PBXBuildFile section */
		04800F551C7C331000589ED2 /* AppDelegate.swift in Sources */ = {isa = PBXBuildFile; fileRef = 04800F541C7C331000589ED2 /* AppDelegate.swift */; };
		04800F571C7C331000589ED2 /* ViewController.swift in Sources */ = {isa = PBXBuildFile; fileRef = 04800F561C7C331000589ED2 /* ViewController.swift */; };
		04800F5A1C7C331000589ED2 /* Main.storyboard in Resources */ = {isa = PBXBuildFile; fileRef = 04800F581C7C331000589ED2 /* Main.storyboard */; };
		04800F5C1C7C331000589ED2 /* Assets.xcassets in Resources */ = {isa = PBXBuildFile; fileRef = 04800F5B1C7C331000589ED2 /* Assets.xcassets */; };
		04800F5F1C7C331000589ED2 /* LaunchScreen.storyboard in Resources */ = {isa = PBXBuildFile; fileRef = 04800F5D1C7C331000589ED2 /* LaunchScreen.storyboard */; };
		DEBB0AD47D745E8F7A9370CB /* Pods_Meinv_Swift.framework in Frameworks */ = {isa = PBXBuildFile; fileRef = 012B7F83632C839FA9AD9C83 /* Pods_Meinv_Swift.framework */; };
/* End PBXBuildFile section */

/* Begin PBXFileReference section */
		012B7F83632C839FA9AD9C83 /* Pods_Meinv_Swift.framework */ = {isa = PBXFileReference; explicitFileType = wrapper.framework; includeInIndex = 0; path = Pods_Meinv_Swift.framework; sourceTree = BUILT_PRODUCTS_DIR; };
		04800F511C7C331000589ED2 /* Meinv-Swift.app */ = {isa = PBXFileReference; explicitFileType = wrapper.application; includeInIndex = 0; path = "Meinv-Swift.app"; sourceTree = BUILT_PRODUCTS_DIR; };
		04800F541C7C331000589ED2 /* AppDelegate.swift */ = {isa = PBXFileReference; lastKnownFileType = sourcecode.swift; path = AppDelegate.swift; sourceTree = "<group>"; };
		04800F561C7C331000589ED2 /* ViewController.swift */ = {isa = PBXFileReference; lastKnownFileType = sourcecode.swift; path = ViewController.swift; sourceTree = "<group>"; };
		04800F591C7C331000589ED2 /* Base */ = {isa = PBXFileReference; lastKnownFileType = file.storyboard; name = Base; path = Base.lproj/Main.storyboard; sourceTree = "<group>"; };
		04800F5B1C7C331000589ED2 /* Assets.xcassets */ = {isa = PBXFileReference; lastKnownFileType = folder.assetcatalog; path = Assets.xcassets; sourceTree = "<group>"; };
		04800F5E1C7C331000589ED2 /* Base */ = {isa = PBXFileReference; lastKnownFileType = file.storyboard; name = Base; path = Base.lproj/LaunchScreen.storyboard; sourceTree = "<group>"; };
		04800F601C7C331000589ED2 /* Info.plist */ = {isa = PBXFileReference; lastKnownFileType = text.plist.xml; path = Info.plist; sourceTree = "<group>"; };
		04800F691C7C331000589ED2 /* Meinv_SwiftTests.swift */ = {isa = PBXFileReference; lastKnownFileType = sourcecode.swift; path = Meinv_SwiftTests.swift; sourceTree = "<group>"; };
		04800F6B1C7C331000589ED2 /* Info.plist */ = {isa = PBXFileReference; lastKnownFileType = text.plist.xml; path = Info.plist; sourceTree = "<group>"; };
		04800F741C7C331000589ED2 /* Meinv_SwiftUITests.swift */ = {isa = PBXFileReference; lastKnownFileType = sourcecode.swift; path = Meinv_SwiftUITests.swift; sourceTree = "<group>"; };
		04800F761C7C331000589ED2 /* Info.plist */ = {isa = PBXFileReference; lastKnownFileType = text.plist.xml; path = Info.plist; sourceTree = "<group>"; };
		465489C1322241BDB32656C9 /* Pods-Meinv-Swift.release.xcconfig */ = {isa = PBXFileReference; includeInIndex = 1; lastKnownFileType = text.xcconfig; name = "Pods-Meinv-Swift.release.xcconfig"; path = "Pods/Target Support Files/Pods-Meinv-Swift/Pods-Meinv-Swift.release.xcconfig"; sourceTree = "<group>"; };
		A096BF40243A0535C1B3BAD3 /* Pods-Meinv-Swift.debug.xcconfig */ = {isa = PBXFileReference; includeInIndex = 1; lastKnownFileType = text.xcconfig; name = "Pods-Meinv-Swift.debug.xcconfig"; path = "Pods/Target Support Files/Pods-Meinv-Swift/Pods-Meinv-Swift.debug.xcconfig"; sourceTree = "<group>"; };
/* End PBXFileReference section */

/* Begin PBXFrameworksBuildPhase section */
		04800F4E1C7C331000589ED2 /* Frameworks */ = {
			isa = PBXFrameworksBuildPhase;
			buildActionMask = 2147483647;
			files = (
				DEBB0AD47D745E8F7A9370CB /* Pods_Meinv_Swift.framework in Frameworks */,
			);
			runOnlyForDeploymentPostprocessing = 0;
		};
/* End PBXFrameworksBuildPhase section */

/* Begin PBXGroup section */
		04800F481C7C331000589ED2 = {
			isa = PBXGroup;
			children = (
				04800F531C7C331000589ED2 /* Meinv-Swift */,
				04800F681C7C331000589ED2 /* Meinv-SwiftTests */,
				04800F731C7C331000589ED2 /* Meinv-SwiftUITests */,
				04800F521C7C331000589ED2 /* Products */,
				E426366944DD75368E19AA7A /* Pods */,
				E6B6F015A9BB9A07F237F57E /* Frameworks */,
			);
			sourceTree = "<group>";
		};
		04800F521C7C331000589ED2 /* Products */ = {
			isa = PBXGroup;
			children = (
				04800F511C7C331000589ED2 /* Meinv-Swift.app */,
			);
			name = Products;
			sourceTree = "<group>";
		};
		04800F531C7C331000589ED2 /* Meinv-Swift */ = {
			isa = PBXGroup;
			children = (
				04800F541C7C331000589ED2 /* AppDelegate.swift */,
				04800F561C7C331000589ED2 /* ViewController.swift */,
				04800F581C7C331000589ED2 /* Main.storyboard */,
				04800F5B1C7C331000589ED2 /* Assets.xcassets */,
				04800F5D1C7C331000589ED2 /* LaunchScreen.storyboard */,
				04800F601C7C331000589ED2 /* Info.plist */,
			);
			path = "Meinv-Swift";
			sourceTree = "<group>";
		};
		04800F681C7C331000589ED2 /* Meinv-SwiftTests */ = {
			isa = PBXGroup;
			children = (
				04800F691C7C331000589ED2 /* Meinv_SwiftTests.swift */,
				04800F6B1C7C331000589ED2 /* Info.plist */,
			);
			path = "Meinv-SwiftTests";
			sourceTree = "<group>";
		};
		04800F731C7C331000589ED2 /* Meinv-SwiftUITests */ = {
			isa = PBXGroup;
			children = (
				04800F741C7C331000589ED2 /* Meinv_SwiftUITests.swift */,
				04800F761C7C331000589ED2 /* Info.plist */,
			);
			path = "Meinv-SwiftUITests";
			sourceTree = "<group>";
		};
		E426366944DD75368E19AA7A /* Pods */ = {
			isa = PBXGroup;
			children = (
				A096BF40243A0535C1B3BAD3 /* Pods-Meinv-Swift.debug.xcconfig */,
				465489C1322241BDB32656C9 /* Pods-Meinv-Swift.release.xcconfig */,
			);
			name = Pods;
			sourceTree = "<group>";
		};
		E6B6F015A9BB9A07F237F57E /* Frameworks */ = {
			isa = PBXGroup;
			children = (
				012B7F83632C839FA9AD9C83 /* Pods_Meinv_Swift.framework */,
			);
			name = Frameworks;
			sourceTree = "<group>";
		};
/* End PBXGroup section */

/* Begin PBXNativeTarget section */
		04800F501C7C331000589ED2 /* Meinv-Swift */ = {
			isa = PBXNativeTarget;
			buildConfigurationList = 04800F791C7C331000589ED2 /* Build configuration list for PBXNativeTarget "Meinv-Swift" */;
			buildPhases = (
				9A00EB0152D4069D25732C83 /* Check Pods Manifest.lock */,
				04800F4D1C7C331000589ED2 /* Sources */,
				04800F4E1C7C331000589ED2 /* Frameworks */,
				04800F4F1C7C331000589ED2 /* Resources */,
				6B77B66808ED74FE934A535F /* Embed Pods Frameworks */,
				5E752FBA1ADEFF8ACBF54678 /* Copy Pods Resources */,
			);
			buildRules = (
			);
			dependencies = (
			);
			name = "Meinv-Swift";
			productName = "Meinv-Swift";
			productReference = 04800F511C7C331000589ED2 /* Meinv-Swift.app */;
			productType = "com.apple.product-type.application";
		};
/* End PBXNativeTarget section */

/* Begin PBXProject section */
		04800F491C7C331000589ED2 /* Project object */ = {
			isa = PBXProject;
			attributes = {
				LastSwiftUpdateCheck = 0720;
				LastUpgradeCheck = 0720;
				ORGANIZATIONNAME = Lorwy;
				TargetAttributes = {
					04800F501C7C331000589ED2 = {
						CreatedOnToolsVersion = 7.2.1;
					};
				};
			};
			buildConfigurationList = 04800F4C1C7C331000589ED2 /* Build configuration list for PBXProject "Meinv-Swift" */;
			compatibilityVersion = "Xcode 3.2";
			developmentRegion = English;
			hasScannedForEncodings = 0;
			knownRegions = (
				en,
				Base,
			);
			mainGroup = 04800F481C7C331000589ED2;
			productRefGroup = 04800F521C7C331000589ED2 /* Products */;
			projectDirPath = "";
			projectRoot = "";
			targets = (
				04800F501C7C331000589ED2 /* Meinv-Swift */,
			);
		};
/* End PBXProject section */

/* Begin PBXResourcesBuildPhase section */
		04800F4F1C7C331000589ED2 /* Resources */ = {
			isa = PBXResourcesBuildPhase;
			buildActionMask = 2147483647;
			files = (
				04800F5F1C7C331000589ED2 /* LaunchScreen.storyboard in Resources */,
				04800F5C1C7C331000589ED2 /* Assets.xcassets in Resources */,
				04800F5A1C7C331000589ED2 /* Main.storyboard in Resources */,
			);
			runOnlyForDeploymentPostprocessing = 0;
		};
/* End PBXResourcesBuildPhase section */

/* Begin PBXShellScriptBuildPhase section */
		5E752FBA1ADEFF8ACBF54678 /* Copy Pods Resources */ = {
			isa = PBXShellScriptBuildPhase;
			buildActionMask = 2147483647;
			files = (
			);
			inputPaths = (
			);
			name = "Copy Pods Resources";
			outputPaths = (
			);
			runOnlyForDeploymentPostprocessing = 0;
			shellPath = /bin/sh;
			shellScript = "\"${SRCROOT}/Pods/Target Support Files/Pods-Meinv-Swift/Pods-Meinv-Swift-resources.sh\"\n";
			showEnvVarsInLog = 0;
		};
		6B77B66808ED74FE934A535F /* Embed Pods Frameworks */ = {
			isa = PBXShellScriptBuildPhase;
			buildActionMask = 2147483647;
			files = (
			);
			inputPaths = (
			);
			name = "Embed Pods Frameworks";
			outputPaths = (
			);
			runOnlyForDeploymentPostprocessing = 0;
			shellPath = /bin/sh;
			shellScript = "\"${SRCROOT}/Pods/Target Support Files/Pods-Meinv-Swift/Pods-Meinv-Swift-frameworks.sh\"\n";
			showEnvVarsInLog = 0;
		};
		9A00EB0152D4069D25732C83 /* Check Pods Manifest.lock */ = {
			isa = PBXShellScriptBuildPhase;
			buildActionMask = 2147483647;
			files = (
			);
			inputPaths = (
			);
			name = "Check Pods Manifest.lock";
			outputPaths = (
			);
			runOnlyForDeploymentPostprocessing = 0;
			shellPath = /bin/sh;
			shellScript = "diff \"${PODS_ROOT}/../Podfile.lock\" \"${PODS_ROOT}/Manifest.lock\" > /dev/null\nif [[ $? != 0 ]] ; then\n    cat << EOM\nerror: The sandbox is not in sync with the Podfile.lock. Run 'pod install' or update your CocoaPods installation.\nEOM\n    exit 1\nfi\n";
			showEnvVarsInLog = 0;
		};
/* End PBXShellScriptBuildPhase section */

/* Begin PBXSourcesBuildPhase section */
		04800F4D1C7C331000589ED2 /* Sources */ = {
			isa = PBXSourcesBuildPhase;
			buildActionMask = 2147483647;
			files = (
				04800F571C7C331000589ED2 /* ViewController.swift in Sources */,
				04800F551C7C331000589ED2 /* AppDelegate.swift in Sources */,
			);
			runOnlyForDeploymentPostprocessing = 0;
		};
/* End PBXSourcesBuildPhase section */

/* Begin PBXVariantGroup section */
		04800F581C7C331000589ED2 /* Main.storyboard */ = {
			isa = PBXVariantGroup;
			children = (
				04800F591C7C331000589ED2 /* Base */,
			);
			name = Main.storyboard;
			sourceTree = "<group>";
		};
		04800F5D1C7C331000589ED2 /* LaunchScreen.storyboard */ = {
			isa = PBXVariantGroup;
			children = (
				04800F5E1C7C331000589ED2 /* Base */,
			);
			name = LaunchScreen.storyboard;
			sourceTree = "<group>";
		};
/* End PBXVariantGroup section */

/* Begin XCBuildConfiguration section */
		04800F771C7C331000589ED2 /* Debug */ = {
			isa = XCBuildConfiguration;
			buildSettings = {
				ALWAYS_SEARCH_USER_PATHS = NO;
				CLANG_CXX_LANGUAGE_STANDARD = "gnu++0x";
				CLANG_CXX_LIBRARY = "libc++";
				CLANG_ENABLE_MODULES = YES;
				CLANG_ENABLE_OBJC_ARC = YES;
				CLANG_WARN_BOOL_CONVERSION = YES;
				CLANG_WARN_CONSTANT_CONVERSION = YES;
				CLANG_WARN_DIRECT_OBJC_ISA_USAGE = YES_ERROR;
				CLANG_WARN_EMPTY_BODY = YES;
				CLANG_WARN_ENUM_CONVERSION = YES;
				CLANG_WARN_INT_CONVERSION = YES;
				CLANG_WARN_OBJC_ROOT_CLASS = YES_ERROR;
				CLANG_WARN_UNREACHABLE_CODE = YES;
				CLANG_WARN__DUPLICATE_METHOD_MATCH = YES;
				"CODE_SIGN_IDENTITY[sdk=iphoneos*]" = "iPhone Developer";
				COPY_PHASE_STRIP = NO;
				DEBUG_INFORMATION_FORMAT = dwarf;
				ENABLE_STRICT_OBJC_MSGSEND = YES;
				ENABLE_TESTABILITY = YES;
				GCC_C_LANGUAGE_STANDARD = gnu99;
				GCC_DYNAMIC_NO_PIC = NO;
				GCC_NO_COMMON_BLOCKS = YES;
				GCC_OPTIMIZATION_LEVEL = 0;
				GCC_PREPROCESSOR_DEFINITIONS = (
					"DEBUG=1",
					"$(inherited)",
				);
				GCC_WARN_64_TO_32_BIT_CONVERSION = YES;
				GCC_WARN_ABOUT_RETURN_TYPE = YES_ERROR;
				GCC_WARN_UNDECLARED_SELECTOR = YES;
				GCC_WARN_UNINITIALIZED_AUTOS = YES_AGGRESSIVE;
				GCC_WARN_UNUSED_FUNCTION = YES;
				GCC_WARN_UNUSED_VARIABLE = YES;
				IPHONEOS_DEPLOYMENT_TARGET = 9.2;
				MTL_ENABLE_DEBUG_INFO = YES;
				ONLY_ACTIVE_ARCH = YES;
				SDKROOT = iphoneos;
				SWIFT_OPTIMIZATION_LEVEL = "-Onone";
				TARGETED_DEVICE_FAMILY = "1,2";
			};
			name = Debug;
		};
		04800F781C7C331000589ED2 /* Release */ = {
			isa = XCBuildConfiguration;
			buildSettings = {
				ALWAYS_SEARCH_USER_PATHS = NO;
				CLANG_CXX_LANGUAGE_STANDARD = "gnu++0x";
				CLANG_CXX_LIBRARY = "libc++";
				CLANG_ENABLE_MODULES = YES;
				CLANG_ENABLE_OBJC_ARC = YES;
				CLANG_WARN_BOOL_CONVERSION = YES;
				CLANG_WARN_CONSTANT_CONVERSION = YES;
				CLANG_WARN_DIRECT_OBJC_ISA_USAGE = YES_ERROR;
				CLANG_WARN_EMPTY_BODY = YES;
				CLANG_WARN_ENUM_CONVERSION = YES;
				CLANG_WARN_INT_CONVERSION = YES;
				CLANG_WARN_OBJC_ROOT_CLASS = YES_ERROR;
				CLANG_WARN_UNREACHABLE_CODE = YES;
				CLANG_WARN__DUPLICATE_METHOD_MATCH = YES;
				"CODE_SIGN_IDENTITY[sdk=iphoneos*]" = "iPhone Developer";
				COPY_PHASE_STRIP = NO;
				DEBUG_INFORMATION_FORMAT = "dwarf-with-dsym";
				ENABLE_NS_ASSERTIONS = NO;
				ENABLE_STRICT_OBJC_MSGSEND = YES;
				GCC_C_LANGUAGE_STANDARD = gnu99;
				GCC_NO_COMMON_BLOCKS = YES;
				GCC_WARN_64_TO_32_BIT_CONVERSION = YES;
				GCC_WARN_ABOUT_RETURN_TYPE = YES_ERROR;
				GCC_WARN_UNDECLARED_SELECTOR = YES;
				GCC_WARN_UNINITIALIZED_AUTOS = YES_AGGRESSIVE;
				GCC_WARN_UNUSED_FUNCTION = YES;
				GCC_WARN_UNUSED_VARIABLE = YES;
				IPHONEOS_DEPLOYMENT_TARGET = 9.2;
				MTL_ENABLE_DEBUG_INFO = NO;
				SDKROOT = iphoneos;
				TARGETED_DEVICE_FAMILY = "1,2";
				VALIDATE_PRODUCT = YES;
			};
			name = Release;
		};
		04800F7A1C7C331000589ED2 /* Debug */ = {
			isa = XCBuildConfiguration;
			baseConfigurationReference = A096BF40243A0535C1B3BAD3 /* Pods-Meinv-Swift.debug.xcconfig */;
			buildSettings = {
				ASSETCATALOG_COMPILER_APPICON_NAME = AppIcon;
				INFOPLIST_FILE = "Meinv-Swift/Info.plist";
				LD_RUNPATH_SEARCH_PATHS = "$(inherited) @executable_path/Frameworks";
				PRODUCT_BUNDLE_IDENTIFIER = "com.Lorwy.Meinv-Swift";
				PRODUCT_NAME = "$(TARGET_NAME)";
			};
			name = Debug;
		};
		04800F7B1C7C331000589ED2 /* Release */ = {
			isa = XCBuildConfiguration;
			baseConfigurationReference = 465489C1322241BDB32656C9 /* Pods-Meinv-Swift.release.xcconfig */;
			buildSettings = {
				ASSETCATALOG_COMPILER_APPICON_NAME = AppIcon;
				INFOPLIST_FILE = "Meinv-Swift/Info.plist";
				LD_RUNPATH_SEARCH_PATHS = "$(inherited) @executable_path/Frameworks";
				PRODUCT_BUNDLE_IDENTIFIER = "com.Lorwy.Meinv-Swift";
				PRODUCT_NAME = "$(TARGET_NAME)";
			};
			name = Release;
		};
/* End XCBuildConfiguration section */

/* Begin XCConfigurationList section */
		04800F4C1C7C331000589ED2 /* Build configuration list for PBXProject "Meinv-Swift" */ = {
			isa = XCConfigurationList;
			buildConfigurations = (
				04800F771C7C331000589ED2 /* Debug */,
				04800F781C7C331000589ED2 /* Release */,
			);
			defaultConfigurationIsVisible = 0;
			defaultConfigurationName = Release;
		};
		04800F791C7C331000589ED2 /* Build configuration list for PBXNativeTarget "Meinv-Swift" */ = {
			isa = XCConfigurationList;
			buildConfigurations = (
				04800F7A1C7C331000589ED2 /* Debug */,
				04800F7B1C7C331000589ED2 /* Release */,
			);
			defaultConfigurationIsVisible = 0;
			defaultConfigurationName = Release;
		};
/* End XCConfigurationList section */
	};
	rootObject = 04800F491C7C331000589ED2 /* Project object */;
}
